<?xml version="1.0" encoding="utf-8"?>
<Project ToolsVersion="4.0" xmlns="http://schemas.microsoft.com/developer/msbuild/2003">
  <ItemGroup>
    <Filter Include="ABCD">
      <UniqueIdentifier>{CFD5817C-BB0C-830D-64F9-6810500FFF0E}</UniqueIdentifier>
    </Filter>
    <Filter Include="ABCD\Events">
      <UniqueIdentifier>{D30231DC-3FB8-A9D1-C8AC-A3A83461A0D5}</UniqueIdentifier>
    </Filter>
  </ItemGroup>
  <ItemGroup>
    <ClInclude Include="src\ABCD.h" />
    <ClInclude Include="src\ABCD\Application.h">
      <Filter>ABCD</Filter>
    </ClInclude>
    <ClInclude Include="src\ABCD\Core.h">
      <Filter>ABCD</Filter>
    </ClInclude>
    <ClInclude Include="src\ABCD\EntryPoint.h">
      <Filter>ABCD</Filter>
    </ClInclude>
    <ClInclude Include="src\ABCD\Events\ApplicationEvent.h">
      <Filter>ABCD\Events</Filter>
    </ClInclude>
    <ClInclude Include="src\ABCD\Events\Event.h">
      <Filter>ABCD\Events</Filter>
    </ClInclude>
    <ClInclude Include="src\ABCD\Events\KeyEvent.h">
      <Filter>ABCD\Events</Filter>
    </ClInclude>
    <ClInclude Include="src\ABCD\Events\MouseEvent.h">
      <Filter>ABCD\Events</Filter>
    </ClInclude>
    <ClInclude Include="src\ABCD\Log.h">
      <Filter>ABCD</Filter>
    </ClInclude>
    <ClInclude Include="src\abpch.h" />
  </ItemGroup>
  <ItemGroup>
    <ClCompile Include="src\ABCD\Application.cpp">
      <Filter>ABCD</Filter>
    </ClCompile>
    <ClCompile Include="src\ABCD\Log.cpp">
      <Filter>ABCD</Filter>
    </ClCompile>
    <ClCompile Include="src\abpch.cpp" />
  </ItemGroup>
</Project>